# THIS IS AN AUTOGENERATED FILE. DO NOT EDIT THIS FILE DIRECTLY.
# yarn lockfile v1


"a@file:../a":
  version "1.0.0"

minimist@0.0.8:
  version "0.0.8"
  resolved "https://registry.yarnpkg.com/minimist/-/minimist-0.0.8.tgz#857fcabfc3397d2625b8228262e86aa7a011b05d"

minimist@^1.2.0:
  version "1.2.0"
  resolved "https://registry.yarnpkg.com/minimist/-/minimist-1.2.0.tgz#a35008b20f41383eec1fb914f4cd5df79a264284"

mkdirp-promise@^5.0.1:
  version "5.0.1"
  resolved "https://registry.yarnpkg.com/mkdirp-promise/-/mkdirp-promise-5.0.1.tgz#e9b8f68e552c68a9c1713b84883f7a1dd039b8a1"
  dependencies:
    mkdirp "*"

mkdirp@*:
  version "0.5.1"
  resolved "https://registry.yarnpkg.com/mkdirp/-/mkdirp-0.5.1.tgz#30057438eac6cf7f8c4767f38648d6697d75c903"
  dependencies:
    minimist "0.0.8"

pn@^1.0.0:
  version "1.0.0"
  resolved "https://registry.yarnpkg.com/pn/-/pn-1.0.0.tgz#1cf5a30b0d806cd18f88fc41a6b5d4ad615b3ba9"

themer@2.0.0:
  version "2.0.0"
  resolved "https://registry.yarnpkg.com/themer/-/themer-2.0.0.tgz#47ebac19913f7cabda14dcea7efb1b7907d3c6ae"
  dependencies:
    minimist "^1.2.0"
    mkdirp-promise "^5.0.1"
    pn "^1.0.0"
